
Microsoft Visual Studio Solution File, Format Version 12.00
# Visual Studio 15
VisualStudioVersion = 15.0.27703.2000
MinimumVisualStudioVersion = 10.0.40219.1
Project("{FAE04EC0-301F-11D3-BF4B-00C04F79EFBC}") = "01_ShootingRange", "01_ShootingRange\01_ShootingRange.csproj", "{46250A78-58CB-4CF9-AFED-F30BE7DAF0BA}"
EndProject
Project("{FAE04EC0-301F-11D3-BF4B-00C04F79EFBC}") = "03_Le-Tour-de-Sofia", "03_Le-Tour-de-Sofia\03_Le-Tour-de-Sofia.csproj", "{EE5F70A7-4A79-4B50-8A42-D5CDCC0E0019}"
EndProject
Project("{FAE04EC0-301F-11D3-BF4B-00C04F79EFBC}") = "02_Travelling_Policeman", "02_Travelling_Policeman\02_Travelling_Policeman.csproj", "{6B5F31B0-1040-4A78-8915-DA47EF05E60D}"
EndProject
Project("{FAE04EC0-301F-11D3-BF4B-00C04F79EFBC}") = "04_Chain_Lightning", "04_Chain_Lightning\04_Chain_Lightning.csproj", "{3915BE79-5646-48C3-9793-9D9474997DCF}"
EndProject
Global
	GlobalSection(SolutionConfigurationPlatforms) = preSolution
		Debug|Any CPU = Debug|Any CPU
		Release|Any CPU = Release|Any CPU
	EndGlobalSection
	GlobalSection(ProjectConfigurationPlatforms) = postSolution
		{46250A78-58CB-4CF9-AFED-F30BE7DAF0BA}.Debug|Any CPU.ActiveCfg = Debug|Any CPU
		{46250A78-58CB-4CF9-AFED-F30BE7DAF0BA}.Debug|Any CPU.Build.0 = Debug|Any CPU
		{46250A78-58CB-4CF9-AFED-F30BE7DAF0BA}.Release|Any CPU.ActiveCfg = Release|Any CPU
		{46250A78-58CB-4CF9-AFED-F30BE7DAF0BA}.Release|Any CPU.Build.0 = Release|Any CPU
		{EE5F70A7-4A79-4B50-8A42-D5CDCC0E0019}.Debug|Any CPU.ActiveCfg = Debug|Any CPU
		{EE5F70A7-4A79-4B50-8A42-D5CDCC0E0019}.Debug|Any CPU.Build.0 = Debug|Any CPU
		{EE5F70A7-4A79-4B50-8A42-D5CDCC0E0019}.Release|Any CPU.ActiveCfg = Release|Any CPU
		{EE5F70A7-4A79-4B50-8A42-D5CDCC0E0019}.Release|Any CPU.Build.0 = Release|Any CPU
		{6B5F31B0-1040-4A78-8915-DA47EF05E60D}.Debug|Any CPU.ActiveCfg = Debug|Any CPU
		{6B5F31B0-1040-4A78-8915-DA47EF05E60D}.Debug|Any CPU.Build.0 = Debug|Any CPU
		{6B5F31B0-1040-4A78-8915-DA47EF05E60D}.Release|Any CPU.ActiveCfg = Release|Any CPU
		{6B5F31B0-1040-4A78-8915-DA47EF05E60D}.Release|Any CPU.Build.0 = Release|Any CPU
		{3915BE79-5646-48C3-9793-9D9474997DCF}.Debug|Any CPU.ActiveCfg = Debug|Any CPU
		{3915BE79-5646-48C3-9793-9D9474997DCF}.Debug|Any CPU.Build.0 = Debug|Any CPU
		{3915BE79-5646-48C3-9793-9D9474997DCF}.Release|Any CPU.ActiveCfg = Release|Any CPU
		{3915BE79-5646-48C3-9793-9D9474997DCF}.Release|Any CPU.Build.0 = Release|Any CPU
	EndGlobalSection
	GlobalSection(SolutionProperties) = preSolution
		HideSolutionNode = FALSE
	EndGlobalSection
	GlobalSection(ExtensibilityGlobals) = postSolution
		SolutionGuid = {AF067E82-D351-4719-8B2F-B8B3E654914D}
	EndGlobalSection
EndGlobal
