
Microsoft Visual Studio Solution File, Format Version 12.00
# Visual Studio 15
VisualStudioVersion = 15.0.26430.6
MinimumVisualStudioVersion = 10.0.40219.1
Project("{FAE04EC0-301F-11D3-BF4B-00C04F79EFBC}") = "01_Elections", "01_Elections\01_Elections.csproj", "{917EE84E-B24E-44F6-BFBE-1EA1AC0A832E}"
EndProject
Project("{FAE04EC0-301F-11D3-BF4B-00C04F79EFBC}") = "02_Sum_To_13", "02_Sum_To_13\02_Sum_To_13.csproj", "{F7FA753D-BFFF-4148-9B11-DD91DFD81AAA}"
EndProject
Project("{FAE04EC0-301F-11D3-BF4B-00C04F79EFBC}") = "03_Lumber", "03_Lumber\03_Lumber.csproj", "{DE018FCF-69B8-4189-80F6-983D643D6C4C}"
EndProject
Global
	GlobalSection(SolutionConfigurationPlatforms) = preSolution
		Debug|Any CPU = Debug|Any CPU
		Release|Any CPU = Release|Any CPU
	EndGlobalSection
	GlobalSection(ProjectConfigurationPlatforms) = postSolution
		{917EE84E-B24E-44F6-BFBE-1EA1AC0A832E}.Debug|Any CPU.ActiveCfg = Debug|Any CPU
		{917EE84E-B24E-44F6-BFBE-1EA1AC0A832E}.Debug|Any CPU.Build.0 = Debug|Any CPU
		{917EE84E-B24E-44F6-BFBE-1EA1AC0A832E}.Release|Any CPU.ActiveCfg = Release|Any CPU
		{917EE84E-B24E-44F6-BFBE-1EA1AC0A832E}.Release|Any CPU.Build.0 = Release|Any CPU
		{F7FA753D-BFFF-4148-9B11-DD91DFD81AAA}.Debug|Any CPU.ActiveCfg = Debug|Any CPU
		{F7FA753D-BFFF-4148-9B11-DD91DFD81AAA}.Debug|Any CPU.Build.0 = Debug|Any CPU
		{F7FA753D-BFFF-4148-9B11-DD91DFD81AAA}.Release|Any CPU.ActiveCfg = Release|Any CPU
		{F7FA753D-BFFF-4148-9B11-DD91DFD81AAA}.Release|Any CPU.Build.0 = Release|Any CPU
		{DE018FCF-69B8-4189-80F6-983D643D6C4C}.Debug|Any CPU.ActiveCfg = Debug|Any CPU
		{DE018FCF-69B8-4189-80F6-983D643D6C4C}.Debug|Any CPU.Build.0 = Debug|Any CPU
		{DE018FCF-69B8-4189-80F6-983D643D6C4C}.Release|Any CPU.ActiveCfg = Release|Any CPU
		{DE018FCF-69B8-4189-80F6-983D643D6C4C}.Release|Any CPU.Build.0 = Release|Any CPU
	EndGlobalSection
	GlobalSection(SolutionProperties) = preSolution
		HideSolutionNode = FALSE
	EndGlobalSection
	GlobalSection(ExtensibilityGlobals) = postSolution
		SolutionGuid = {9C86710E-111B-4CF8-9D3A-50F6E6A30C84}
	EndGlobalSection
EndGlobal
