
Microsoft Visual Studio Solution File, Format Version 12.00
# Visual Studio 15
VisualStudioVersion = 15.0.26430.6
MinimumVisualStudioVersion = 10.0.40219.1
Project("{FAE04EC0-301F-11D3-BF4B-00C04F79EFBC}") = "01_Connecting_Cables", "01_Connecting_Cables\01_Connecting_Cables.csproj", "{76B4C9C7-A7EF-4F5B-8510-23B5C0BC5D2F}"
EndProject
Project("{FAE04EC0-301F-11D3-BF4B-00C04F79EFBC}") = "02_Minimum_Edit_Distance", "02_Minimum_Edit_Distance\02_Minimum_Edit_Distance.csproj", "{4F23A5ED-EF60-4390-B8FD-771CB6AB99A8}"
EndProject
Global
	GlobalSection(SolutionConfigurationPlatforms) = preSolution
		Debug|Any CPU = Debug|Any CPU
		Release|Any CPU = Release|Any CPU
	EndGlobalSection
	GlobalSection(ProjectConfigurationPlatforms) = postSolution
		{76B4C9C7-A7EF-4F5B-8510-23B5C0BC5D2F}.Debug|Any CPU.ActiveCfg = Debug|Any CPU
		{76B4C9C7-A7EF-4F5B-8510-23B5C0BC5D2F}.Debug|Any CPU.Build.0 = Debug|Any CPU
		{76B4C9C7-A7EF-4F5B-8510-23B5C0BC5D2F}.Release|Any CPU.ActiveCfg = Release|Any CPU
		{76B4C9C7-A7EF-4F5B-8510-23B5C0BC5D2F}.Release|Any CPU.Build.0 = Release|Any CPU
		{4F23A5ED-EF60-4390-B8FD-771CB6AB99A8}.Debug|Any CPU.ActiveCfg = Debug|Any CPU
		{4F23A5ED-EF60-4390-B8FD-771CB6AB99A8}.Debug|Any CPU.Build.0 = Debug|Any CPU
		{4F23A5ED-EF60-4390-B8FD-771CB6AB99A8}.Release|Any CPU.ActiveCfg = Release|Any CPU
		{4F23A5ED-EF60-4390-B8FD-771CB6AB99A8}.Release|Any CPU.Build.0 = Release|Any CPU
	EndGlobalSection
	GlobalSection(SolutionProperties) = preSolution
		HideSolutionNode = FALSE
	EndGlobalSection
EndGlobal
